
Microsoft Visual Studio Solution File, Format Version 12.00
# Visual Studio 15
VisualStudioVersion = 15.0.28010.2016
MinimumVisualStudioVersion = 10.0.40219.1
Project("{FAE04EC0-301F-11D3-BF4B-00C04F79EFBC}") = "MCAFoods", "MCAFoods\MCAFoods.csproj", "{09129B10-3225-453D-8898-C9E1628FE5AF}"
EndProject
Global
	GlobalSection(SolutionConfigurationPlatforms) = preSolution
		Debug|Any CPU = Debug|Any CPU
		Release|Any CPU = Release|Any CPU
	EndGlobalSection
	GlobalSection(ProjectConfigurationPlatforms) = postSolution
		{09129B10-3225-453D-8898-C9E1628FE5AF}.Debug|Any CPU.ActiveCfg = Debug|Any CPU
		{09129B10-3225-453D-8898-C9E1628FE5AF}.Debug|Any CPU.Build.0 = Debug|Any CPU
		{09129B10-3225-453D-8898-C9E1628FE5AF}.Release|Any CPU.ActiveCfg = Release|Any CPU
		{09129B10-3225-453D-8898-C9E1628FE5AF}.Release|Any CPU.Build.0 = Release|Any CPU
	EndGlobalSection
	GlobalSection(SolutionProperties) = preSolution
		HideSolutionNode = FALSE
	EndGlobalSection
	GlobalSection(ExtensibilityGlobals) = postSolution
		SolutionGuid = {E444EBA7-C512-4DDE-AFEC-9544E56904E0}
	EndGlobalSection
EndGlobal
